
Microsoft Visual Studio Solution File, Format Version 12.00
# Visual Studio Version 16
VisualStudioVersion = 16.0.30104.148
MinimumVisualStudioVersion = 10.0.40219.1
Project("{9A19103F-16F7-4668-BE54-9A1E7A4F7556}") = "Data.Structure", "Data.Structure.csproj", "{6669915A-AF98-4159-8EE0-88B7BE303680}"
EndProject
Global
	GlobalSection(SolutionConfigurationPlatforms) = preSolution
		Debug|Any CPU = Debug|Any CPU
		Release|Any CPU = Release|Any CPU
	EndGlobalSection
	GlobalSection(ProjectConfigurationPlatforms) = postSolution
		{6669915A-AF98-4159-8EE0-88B7BE303680}.Debug|Any CPU.ActiveCfg = Debug|Any CPU
		{6669915A-AF98-4159-8EE0-88B7BE303680}.Debug|Any CPU.Build.0 = Debug|Any CPU
		{6669915A-AF98-4159-8EE0-88B7BE303680}.Release|Any CPU.ActiveCfg = Release|Any CPU
		{6669915A-AF98-4159-8EE0-88B7BE303680}.Release|Any CPU.Build.0 = Release|Any CPU
	EndGlobalSection
	GlobalSection(SolutionProperties) = preSolution
		HideSolutionNode = FALSE
	EndGlobalSection
	GlobalSection(ExtensibilityGlobals) = postSolution
		SolutionGuid = {F2770D7D-2C4A-45CF-86A4-EE3936C10982}
	EndGlobalSection
EndGlobal
